
Microsoft Visual Studio Solution File, Format Version 12.00
# Visual Studio Version 17
VisualStudioVersion = 17.5.33424.131
MinimumVisualStudioVersion = 10.0.40219.1
Project("{FAE04EC0-301F-11D3-BF4B-00C04F79EFBC}") = "Array-Vetor", "Array-Vetor\Array-Vetor.csproj", "{EF43F397-734B-4364-83A8-8324BCE67B53}"
EndProject
Global
	GlobalSection(SolutionConfigurationPlatforms) = preSolution
		Debug|Any CPU = Debug|Any CPU
		Release|Any CPU = Release|Any CPU
	EndGlobalSection
	GlobalSection(ProjectConfigurationPlatforms) = postSolution
		{EF43F397-734B-4364-83A8-8324BCE67B53}.Debug|Any CPU.ActiveCfg = Debug|Any CPU
		{EF43F397-734B-4364-83A8-8324BCE67B53}.Debug|Any CPU.Build.0 = Debug|Any CPU
		{EF43F397-734B-4364-83A8-8324BCE67B53}.Release|Any CPU.ActiveCfg = Release|Any CPU
		{EF43F397-734B-4364-83A8-8324BCE67B53}.Release|Any CPU.Build.0 = Release|Any CPU
	EndGlobalSection
	GlobalSection(SolutionProperties) = preSolution
		HideSolutionNode = FALSE
	EndGlobalSection
	GlobalSection(ExtensibilityGlobals) = postSolution
		SolutionGuid = {EE6DA96D-10A1-49A0-95E3-24AD7E2579F3}
	EndGlobalSection
EndGlobal
